// !$*UTF8*$!
{
	archiveVersion = 1;
	classes = {
	};
	objectVersion = 46;
	objects = {

/* Begin PBXBuildFile section */
		FE25F9FF1D062638009B621D /* enemy23.png in Resources */ = {isa = PBXBuildFile; fileRef = FE25F9FE1D062638009B621D /* enemy23.png */; };
		FE7177801CF432EA003ED39A /* main.m in Sources */ = {isa = PBXBuildFile; fileRef = FE71777F1CF432EA003ED39A /* main.m */; };
		FE7177831CF432EA003ED39A /* AppDelegate.m in Sources */ = {isa = PBXBuildFile; fileRef = FE7177821CF432EA003ED39A /* AppDelegate.m */; };
		FE7177861CF432EA003ED39A /* ViewController.m in Sources */ = {isa = PBXBuildFile; fileRef = FE7177851CF432EA003ED39A /* ViewController.m */; };
		FE7177891CF432EA003ED39A /* Main.storyboard in Resources */ = {isa = PBXBuildFile; fileRef = FE7177871CF432EA003ED39A /* Main.storyboard */; };
		FE7177991CF432EA003ED39A /* TieDieTests.m in Sources */ = {isa = PBXBuildFile; fileRef = FE7177981CF432EA003ED39A /* TieDieTests.m */; };
		FE7177A41CF432EA003ED39A /* TieDieUITests.m in Sources */ = {isa = PBXBuildFile; fileRef = FE7177A31CF432EA003ED39A /* TieDieUITests.m */; };
		FEDD3B151CF6CFA90076AA39 /* background.jpg in Resources */ = {isa = PBXBuildFile; fileRef = FEDD3B141CF6CFA90076AA39 /* background.jpg */; };
		FEDD3B171CF6D46F0076AA39 /* lifeLostLine.png in Resources */ = {isa = PBXBuildFile; fileRef = FEDD3B161CF6D46F0076AA39 /* lifeLostLine.png */; };
		FEDD3B1B1CF6D6590076AA39 /* l0_sprite_1.png in Resources */ = {isa = PBXBuildFile; fileRef = FEDD3B181CF6D6590076AA39 /* l0_sprite_1.png */; };
		FEDD3B1C1CF6D6590076AA39 /* l0_sprite_2.png in Resources */ = {isa = PBXBuildFile; fileRef = FEDD3B191CF6D6590076AA39 /* l0_sprite_2.png */; };
		FEDD3B1D1CF6D6590076AA39 /* l0_sprite_3.png in Resources */ = {isa = PBXBuildFile; fileRef = FEDD3B1A1CF6D6590076AA39 /* l0_sprite_3.png */; };
		FEDD3B211CFE78980076AA39 /* bullet2.png in Resources */ = {isa = PBXBuildFile; fileRef = FEDD3B201CFE78980076AA39 /* bullet2.png */; };
		FEDD3B251CFE7A6B0076AA39 /* l0_enemy1.png in Resources */ = {isa = PBXBuildFile; fileRef = FEDD3B221CFE7A6B0076AA39 /* l0_enemy1.png */; };
		FEDD3B261CFE7A6B0076AA39 /* l0_enemy2.png in Resources */ = {isa = PBXBuildFile; fileRef = FEDD3B231CFE7A6B0076AA39 /* l0_enemy2.png */; };
		FEDD3B271CFE7A6B0076AA39 /* l0_enemy3.png in Resources */ = {isa = PBXBuildFile; fileRef = FEDD3B241CFE7A6B0076AA39 /* l0_enemy3.png */; };
		FEDD3B2A1CFE836F0076AA39 /* LaunchScreen.storyboard in Resources */ = {isa = PBXBuildFile; fileRef = FEDD3B281CFE836F0076AA39 /* LaunchScreen.storyboard */; };
		FEDD3B2E1CFE84C30076AA39 /* Assets.xcassets in Resources */ = {isa = PBXBuildFile; fileRef = FEDD3B2D1CFE84C30076AA39 /* Assets.xcassets */; };
/* End PBXBuildFile section */

/* Begin PBXContainerItemProxy section */
		FE7177951CF432EA003ED39A /* PBXContainerItemProxy */ = {
			isa = PBXContainerItemProxy;
			containerPortal = FE7177731CF432EA003ED39A /* Project object */;
			proxyType = 1;
			remoteGlobalIDString = FE71777A1CF432EA003ED39A;
			remoteInfo = TieDie;
		};
		FE7177A01CF432EA003ED39A /* PBXContainerItemProxy */ = {
			isa = PBXContainerItemProxy;
			containerPortal = FE7177731CF432EA003ED39A /* Project object */;
			proxyType = 1;
			remoteGlobalIDString = FE71777A1CF432EA003ED39A;
			remoteInfo = TieDie;
		};
/* End PBXContainerItemProxy section */

/* Begin PBXFileReference section */
		FE25F9FE1D062638009B621D /* enemy23.png */ = {isa = PBXFileReference; lastKnownFileType = image.png; path = enemy23.png; sourceTree = "<group>"; };
		FE71777B1CF432EA003ED39A /* TieDie.app */ = {isa = PBXFileReference; explicitFileType = wrapper.application; includeInIndex = 0; path = TieDie.app; sourceTree = BUILT_PRODUCTS_DIR; };
		FE71777F1CF432EA003ED39A /* main.m */ = {isa = PBXFileReference; lastKnownFileType = sourcecode.c.objc; path = main.m; sourceTree = "<group>"; };
		FE7177811CF432EA003ED39A /* AppDelegate.h */ = {isa = PBXFileReference; lastKnownFileType = sourcecode.c.h; path = AppDelegate.h; sourceTree = "<group>"; };
		FE7177821CF432EA003ED39A /* AppDelegate.m */ = {isa = PBXFileReference; lastKnownFileType = sourcecode.c.objc; path = AppDelegate.m; sourceTree = "<group>"; };
		FE7177841CF432EA003ED39A /* ViewController.h */ = {isa = PBXFileReference; lastKnownFileType = sourcecode.c.h; path = ViewController.h; sourceTree = "<group>"; };
		FE7177851CF432EA003ED39A /* ViewController.m */ = {isa = PBXFileReference; lastKnownFileType = sourcecode.c.objc; path = ViewController.m; sourceTree = "<group>"; };
		FE7177881CF432EA003ED39A /* Base */ = {isa = PBXFileReference; lastKnownFileType = file.storyboard; name = Base; path = Base.lproj/Main.storyboard; sourceTree = "<group>"; };
		FE71778F1CF432EA003ED39A /* Info.plist */ = {isa = PBXFileReference; lastKnownFileType = text.plist.xml; path = Info.plist; sourceTree = "<group>"; };
		FE7177941CF432EA003ED39A /* TieDieTests.xctest */ = {isa = PBXFileReference; explicitFileType = wrapper.cfbundle; includeInIndex = 0; path = TieDieTests.xctest; sourceTree = BUILT_PRODUCTS_DIR; };
		FE7177981CF432EA003ED39A /* TieDieTests.m */ = {isa = PBXFileReference; lastKnownFileType = sourcecode.c.objc; path = TieDieTests.m; sourceTree = "<group>"; };
		FE71779A1CF432EA003ED39A /* Info.plist */ = {isa = PBXFileReference; lastKnownFileType = text.plist.xml; path = Info.plist; sourceTree = "<group>"; };
		FE71779F1CF432EA003ED39A /* TieDieUITests.xctest */ = {isa = PBXFileReference; explicitFileType = wrapper.cfbundle; includeInIndex = 0; path = TieDieUITests.xctest; sourceTree = BUILT_PRODUCTS_DIR; };
		FE7177A31CF432EA003ED39A /* TieDieUITests.m */ = {isa = PBXFileReference; lastKnownFileType = sourcecode.c.objc; path = TieDieUITests.m; sourceTree = "<group>"; };
		FE7177A51CF432EA003ED39A /* Info.plist */ = {isa = PBXFileReference; lastKnownFileType = text.plist.xml; path = Info.plist; sourceTree = "<group>"; };
		FEDD3B141CF6CFA90076AA39 /* background.jpg */ = {isa = PBXFileReference; lastKnownFileType = image.jpeg; path = background.jpg; sourceTree = "<group>"; };
		FEDD3B161CF6D46F0076AA39 /* lifeLostLine.png */ = {isa = PBXFileReference; lastKnownFileType = image.png; path = lifeLostLine.png; sourceTree = "<group>"; };
		FEDD3B181CF6D6590076AA39 /* l0_sprite_1.png */ = {isa = PBXFileReference; lastKnownFileType = image.png; path = l0_sprite_1.png; sourceTree = "<group>"; };
		FEDD3B191CF6D6590076AA39 /* l0_sprite_2.png */ = {isa = PBXFileReference; lastKnownFileType = image.png; path = l0_sprite_2.png; sourceTree = "<group>"; };
		FEDD3B1A1CF6D6590076AA39 /* l0_sprite_3.png */ = {isa = PBXFileReference; lastKnownFileType = image.png; path = l0_sprite_3.png; sourceTree = "<group>"; };
		FEDD3B201CFE78980076AA39 /* bullet2.png */ = {isa = PBXFileReference; lastKnownFileType = image.png; path = bullet2.png; sourceTree = "<group>"; };
		FEDD3B221CFE7A6B0076AA39 /* l0_enemy1.png */ = {isa = PBXFileReference; lastKnownFileType = image.png; path = l0_enemy1.png; sourceTree = "<group>"; };
		FEDD3B231CFE7A6B0076AA39 /* l0_enemy2.png */ = {isa = PBXFileReference; lastKnownFileType = image.png; path = l0_enemy2.png; sourceTree = "<group>"; };
		FEDD3B241CFE7A6B0076AA39 /* l0_enemy3.png */ = {isa = PBXFileReference; lastKnownFileType = image.png; path = l0_enemy3.png; sourceTree = "<group>"; };
		FEDD3B291CFE836F0076AA39 /* Base */ = {isa = PBXFileReference; lastKnownFileType = file.storyboard; name = Base; path = Base.lproj/LaunchScreen.storyboard; sourceTree = "<group>"; };
		FEDD3B2D1CFE84C30076AA39 /* Assets.xcassets */ = {isa = PBXFileReference; lastKnownFileType = folder.assetcatalog; path = Assets.xcassets; sourceTree = "<group>"; };
/* End PBXFileReference section */

/* Begin PBXFrameworksBuildPhase section */
		FE7177781CF432EA003ED39A /* Frameworks */ = {
			isa = PBXFrameworksBuildPhase;
			buildActionMask = 2147483647;
			files = (
			);
			runOnlyForDeploymentPostprocessing = 0;
		};
		FE7177911CF432EA003ED39A /* Frameworks */ = {
			isa = PBXFrameworksBuildPhase;
			buildActionMask = 2147483647;
			files = (
			);
			runOnlyForDeploymentPostprocessing = 0;
		};
		FE71779C1CF432EA003ED39A /* Frameworks */ = {
			isa = PBXFrameworksBuildPhase;
			buildActionMask = 2147483647;
			files = (
			);
			runOnlyForDeploymentPostprocessing = 0;
		};
/* End PBXFrameworksBuildPhase section */

/* Begin PBXGroup section */
		FE7177721CF432EA003ED39A = {
			isa = PBXGroup;
			children = (
				FE71777D1CF432EA003ED39A /* TieDie */,
				FE7177971CF432EA003ED39A /* TieDieTests */,
				FE7177A21CF432EA003ED39A /* TieDieUITests */,
				FE71777C1CF432EA003ED39A /* Products */,
			);
			sourceTree = "<group>";
		};
		FE71777C1CF432EA003ED39A /* Products */ = {
			isa = PBXGroup;
			children = (
				FE71777B1CF432EA003ED39A /* TieDie.app */,
				FE7177941CF432EA003ED39A /* TieDieTests.xctest */,
				FE71779F1CF432EA003ED39A /* TieDieUITests.xctest */,
			);
			name = Products;
			sourceTree = "<group>";
		};
		FE71777D1CF432EA003ED39A /* TieDie */ = {
			isa = PBXGroup;
			children = (
				FE7177811CF432EA003ED39A /* AppDelegate.h */,
				FE7177821CF432EA003ED39A /* AppDelegate.m */,
				FE7177841CF432EA003ED39A /* ViewController.h */,
				FE7177851CF432EA003ED39A /* ViewController.m */,
				FE7177871CF432EA003ED39A /* Main.storyboard */,
				FEDD3B281CFE836F0076AA39 /* LaunchScreen.storyboard */,
				FEDD3B2D1CFE84C30076AA39 /* Assets.xcassets */,
				FE71778F1CF432EA003ED39A /* Info.plist */,
				FE71777E1CF432EA003ED39A /* Supporting Files */,
			);
			path = TieDie;
			sourceTree = "<group>";
		};
		FE71777E1CF432EA003ED39A /* Supporting Files */ = {
			isa = PBXGroup;
			children = (
				FE25F9FE1D062638009B621D /* enemy23.png */,
				FEDD3B221CFE7A6B0076AA39 /* l0_enemy1.png */,
				FEDD3B231CFE7A6B0076AA39 /* l0_enemy2.png */,
				FEDD3B241CFE7A6B0076AA39 /* l0_enemy3.png */,
				FEDD3B201CFE78980076AA39 /* bullet2.png */,
				FEDD3B181CF6D6590076AA39 /* l0_sprite_1.png */,
				FEDD3B191CF6D6590076AA39 /* l0_sprite_2.png */,
				FEDD3B1A1CF6D6590076AA39 /* l0_sprite_3.png */,
				FEDD3B161CF6D46F0076AA39 /* lifeLostLine.png */,
				FEDD3B141CF6CFA90076AA39 /* background.jpg */,
				FE71777F1CF432EA003ED39A /* main.m */,
			);
			name = "Supporting Files";
			sourceTree = "<group>";
		};
		FE7177971CF432EA003ED39A /* TieDieTests */ = {
			isa = PBXGroup;
			children = (
				FE7177981CF432EA003ED39A /* TieDieTests.m */,
				FE71779A1CF432EA003ED39A /* Info.plist */,
			);
			path = TieDieTests;
			sourceTree = "<group>";
		};
		FE7177A21CF432EA003ED39A /* TieDieUITests */ = {
			isa = PBXGroup;
			children = (
				FE7177A31CF432EA003ED39A /* TieDieUITests.m */,
				FE7177A51CF432EA003ED39A /* Info.plist */,
			);
			path = TieDieUITests;
			sourceTree = "<group>";
		};
/* End PBXGroup section */

/* Begin PBXNativeTarget section */
		FE71777A1CF432EA003ED39A /* TieDie */ = {
			isa = PBXNativeTarget;
			buildConfigurationList = FE7177A81CF432EA003ED39A /* Build configuration list for PBXNativeTarget "TieDie" */;
			buildPhases = (
				FE7177771CF432EA003ED39A /* Sources */,
				FE7177781CF432EA003ED39A /* Frameworks */,
				FE7177791CF432EA003ED39A /* Resources */,
			);
			buildRules = (
			);
			dependencies = (
			);
			name = TieDie;
			productName = TieDie;
			productReference = FE71777B1CF432EA003ED39A /* TieDie.app */;
			productType = "com.apple.product-type.application";
		};
		FE7177931CF432EA003ED39A /* TieDieTests */ = {
			isa = PBXNativeTarget;
			buildConfigurationList = FE7177AB1CF432EA003ED39A /* Build configuration list for PBXNativeTarget "TieDieTests" */;
			buildPhases = (
				FE7177901CF432EA003ED39A /* Sources */,
				FE7177911CF432EA003ED39A /* Frameworks */,
				FE7177921CF432EA003ED39A /* Resources */,
			);
			buildRules = (
			);
			dependencies = (
				FE7177961CF432EA003ED39A /* PBXTargetDependency */,
			);
			name = TieDieTests;
			productName = TieDieTests;
			productReference = FE7177941CF432EA003ED39A /* TieDieTests.xctest */;
			productType = "com.apple.product-type.bundle.unit-test";
		};
		FE71779E1CF432EA003ED39A /* TieDieUITests */ = {
			isa = PBXNativeTarget;
			buildConfigurationList = FE7177AE1CF432EA003ED39A /* Build configuration list for PBXNativeTarget "TieDieUITests" */;
			buildPhases = (
				FE71779B1CF432EA003ED39A /* Sources */,
				FE71779C1CF432EA003ED39A /* Frameworks */,
				FE71779D1CF432EA003ED39A /* Resources */,
			);
			buildRules = (
			);
			dependencies = (
				FE7177A11CF432EA003ED39A /* PBXTargetDependency */,
			);
			name = TieDieUITests;
			productName = TieDieUITests;
			productReference = FE71779F1CF432EA003ED39A /* TieDieUITests.xctest */;
			productType = "com.apple.product-type.bundle.ui-testing";
		};
/* End PBXNativeTarget section */

/* Begin PBXProject section */
		FE7177731CF432EA003ED39A /* Project object */ = {
			isa = PBXProject;
			attributes = {
				LastUpgradeCheck = 0730;
				ORGANIZATIONNAME = orangemangotiger;
				TargetAttributes = {
					FE71777A1CF432EA003ED39A = {
						CreatedOnToolsVersion = 7.3.1;
					};
					FE7177931CF432EA003ED39A = {
						CreatedOnToolsVersion = 7.3.1;
						TestTargetID = FE71777A1CF432EA003ED39A;
					};
					FE71779E1CF432EA003ED39A = {
						CreatedOnToolsVersion = 7.3.1;
						TestTargetID = FE71777A1CF432EA003ED39A;
					};
				};
			};
			buildConfigurationList = FE7177761CF432EA003ED39A /* Build configuration list for PBXProject "TieDie" */;
			compatibilityVersion = "Xcode 3.2";
			developmentRegion = English;
			hasScannedForEncodings = 0;
			knownRegions = (
				en,
				Base,
			);
			mainGroup = FE7177721CF432EA003ED39A;
			productRefGroup = FE71777C1CF432EA003ED39A /* Products */;
			projectDirPath = "";
			projectRoot = "";
			targets = (
				FE71777A1CF432EA003ED39A /* TieDie */,
				FE7177931CF432EA003ED39A /* TieDieTests */,
				FE71779E1CF432EA003ED39A /* TieDieUITests */,
			);
		};
/* End PBXProject section */

/* Begin PBXResourcesBuildPhase section */
		FE7177791CF432EA003ED39A /* Resources */ = {
			isa = PBXResourcesBuildPhase;
			buildActionMask = 2147483647;
			files = (
				FEDD3B171CF6D46F0076AA39 /* lifeLostLine.png in Resources */,
				FEDD3B211CFE78980076AA39 /* bullet2.png in Resources */,
				FEDD3B251CFE7A6B0076AA39 /* l0_enemy1.png in Resources */,
				FEDD3B271CFE7A6B0076AA39 /* l0_enemy3.png in Resources */,
				FEDD3B1B1CF6D6590076AA39 /* l0_sprite_1.png in Resources */,
				FEDD3B151CF6CFA90076AA39 /* background.jpg in Resources */,
				FE7177891CF432EA003ED39A /* Main.storyboard in Resources */,
				FEDD3B1D1CF6D6590076AA39 /* l0_sprite_3.png in Resources */,
				FE25F9FF1D062638009B621D /* enemy23.png in Resources */,
				FEDD3B1C1CF6D6590076AA39 /* l0_sprite_2.png in Resources */,
				FEDD3B2A1CFE836F0076AA39 /* LaunchScreen.storyboard in Resources */,
				FEDD3B2E1CFE84C30076AA39 /* Assets.xcassets in Resources */,
				FEDD3B261CFE7A6B0076AA39 /* l0_enemy2.png in Resources */,
			);
			runOnlyForDeploymentPostprocessing = 0;
		};
		FE7177921CF432EA003ED39A /* Resources */ = {
			isa = PBXResourcesBuildPhase;
			buildActionMask = 2147483647;
			files = (
			);
			runOnlyForDeploymentPostprocessing = 0;
		};
		FE71779D1CF432EA003ED39A /* Resources */ = {
			isa = PBXResourcesBuildPhase;
			buildActionMask = 2147483647;
			files = (
			);
			runOnlyForDeploymentPostprocessing = 0;
		};
/* End PBXResourcesBuildPhase section */

/* Begin PBXSourcesBuildPhase section */
		FE7177771CF432EA003ED39A /* Sources */ = {
			isa = PBXSourcesBuildPhase;
			buildActionMask = 2147483647;
			files = (
				FE7177861CF432EA003ED39A /* ViewController.m in Sources */,
				FE7177831CF432EA003ED39A /* AppDelegate.m in Sources */,
				FE7177801CF432EA003ED39A /* main.m in Sources */,
			);
			runOnlyForDeploymentPostprocessing = 0;
		};
		FE7177901CF432EA003ED39A /* Sources */ = {
			isa = PBXSourcesBuildPhase;
			buildActionMask = 2147483647;
			files = (
				FE7177991CF432EA003ED39A /* TieDieTests.m in Sources */,
			);
			runOnlyForDeploymentPostprocessing = 0;
		};
		FE71779B1CF432EA003ED39A /* Sources */ = {
			isa = PBXSourcesBuildPhase;
			buildActionMask = 2147483647;
			files = (
				FE7177A41CF432EA003ED39A /* TieDieUITests.m in Sources */,
			);
			runOnlyForDeploymentPostprocessing = 0;
		};
/* End PBXSourcesBuildPhase section */

/* Begin PBXTargetDependency section */
		FE7177961CF432EA003ED39A /* PBXTargetDependency */ = {
			isa = PBXTargetDependency;
			target = FE71777A1CF432EA003ED39A /* TieDie */;
			targetProxy = FE7177951CF432EA003ED39A /* PBXContainerItemProxy */;
		};
		FE7177A11CF432EA003ED39A /* PBXTargetDependency */ = {
			isa = PBXTargetDependency;
			target = FE71777A1CF432EA003ED39A /* TieDie */;
			targetProxy = FE7177A01CF432EA003ED39A /* PBXContainerItemProxy */;
		};
/* End PBXTargetDependency section */

/* Begin PBXVariantGroup section */
		FE7177871CF432EA003ED39A /* Main.storyboard */ = {
			isa = PBXVariantGroup;
			children = (
				FE7177881CF432EA003ED39A /* Base */,
			);
			name = Main.storyboard;
			sourceTree = "<group>";
		};
		FEDD3B281CFE836F0076AA39 /* LaunchScreen.storyboard */ = {
			isa = PBXVariantGroup;
			children = (
				FEDD3B291CFE836F0076AA39 /* Base */,
			);
			name = LaunchScreen.storyboard;
			sourceTree = "<group>";
		};
/* End PBXVariantGroup section */

/* Begin XCBuildConfiguration section */
		FE7177A61CF432EA003ED39A /* Debug */ = {
			isa = XCBuildConfiguration;
			buildSettings = {
				ALWAYS_SEARCH_USER_PATHS = NO;
				CLANG_ANALYZER_NONNULL = YES;
				CLANG_CXX_LANGUAGE_STANDARD = "gnu++0x";
				CLANG_CXX_LIBRARY = "libc++";
				CLANG_ENABLE_MODULES = YES;
				CLANG_ENABLE_OBJC_ARC = YES;
				CLANG_WARN_BOOL_CONVERSION = YES;
				CLANG_WARN_CONSTANT_CONVERSION = YES;
				CLANG_WARN_DIRECT_OBJC_ISA_USAGE = YES_ERROR;
				CLANG_WARN_EMPTY_BODY = YES;
				CLANG_WARN_ENUM_CONVERSION = YES;
				CLANG_WARN_INT_CONVERSION = YES;
				CLANG_WARN_OBJC_ROOT_CLASS = YES_ERROR;
				CLANG_WARN_UNREACHABLE_CODE = YES;
				CLANG_WARN__DUPLICATE_METHOD_MATCH = YES;
				"CODE_SIGN_IDENTITY[sdk=iphoneos*]" = "iPhone Developer";
				COPY_PHASE_STRIP = NO;
				DEBUG_INFORMATION_FORMAT = dwarf;
				ENABLE_STRICT_OBJC_MSGSEND = YES;
				ENABLE_TESTABILITY = YES;
				GCC_C_LANGUAGE_STANDARD = gnu99;
				GCC_DYNAMIC_NO_PIC = NO;
				GCC_NO_COMMON_BLOCKS = YES;
				GCC_OPTIMIZATION_LEVEL = 0;
				GCC_PREPROCESSOR_DEFINITIONS = (
					"DEBUG=1",
					"$(inherited)",
				);
				GCC_WARN_64_TO_32_BIT_CONVERSION = YES;
				GCC_WARN_ABOUT_RETURN_TYPE = YES_ERROR;
				GCC_WARN_UNDECLARED_SELECTOR = YES;
				GCC_WARN_UNINITIALIZED_AUTOS = YES_AGGRESSIVE;
				GCC_WARN_UNUSED_FUNCTION = YES;
				GCC_WARN_UNUSED_VARIABLE = YES;
				IPHONEOS_DEPLOYMENT_TARGET = 9.3;
				MTL_ENABLE_DEBUG_INFO = YES;
				ONLY_ACTIVE_ARCH = YES;
				SDKROOT = iphoneos;
				TARGETED_DEVICE_FAMILY = "1,2";
			};
			name = Debug;
		};
		FE7177A71CF432EA003ED39A /* Release */ = {
			isa = XCBuildConfiguration;
			buildSettings = {
				ALWAYS_SEARCH_USER_PATHS = NO;
				CLANG_ANALYZER_NONNULL = YES;
				CLANG_CXX_LANGUAGE_STANDARD = "gnu++0x";
				CLANG_CXX_LIBRARY = "libc++";
				CLANG_ENABLE_MODULES = YES;
				CLANG_ENABLE_OBJC_ARC = YES;
				CLANG_WARN_BOOL_CONVERSION = YES;
				CLANG_WARN_CONSTANT_CONVERSION = YES;
				CLANG_WARN_DIRECT_OBJC_ISA_USAGE = YES_ERROR;
				CLANG_WARN_EMPTY_BODY = YES;
				CLANG_WARN_ENUM_CONVERSION = YES;
				CLANG_WARN_INT_CONVERSION = YES;
				CLANG_WARN_OBJC_ROOT_CLASS = YES_ERROR;
				CLANG_WARN_UNREACHABLE_CODE = YES;
				CLANG_WARN__DUPLICATE_METHOD_MATCH = YES;
				"CODE_SIGN_IDENTITY[sdk=iphoneos*]" = "iPhone Developer";
				COPY_PHASE_STRIP = NO;
				DEBUG_INFORMATION_FORMAT = "dwarf-with-dsym";
				ENABLE_NS_ASSERTIONS = NO;
				ENABLE_STRICT_OBJC_MSGSEND = YES;
				GCC_C_LANGUAGE_STANDARD = gnu99;
				GCC_NO_COMMON_BLOCKS = YES;
				GCC_WARN_64_TO_32_BIT_CONVERSION = YES;
				GCC_WARN_ABOUT_RETURN_TYPE = YES_ERROR;
				GCC_WARN_UNDECLARED_SELECTOR = YES;
				GCC_WARN_UNINITIALIZED_AUTOS = YES_AGGRESSIVE;
				GCC_WARN_UNUSED_FUNCTION = YES;
				GCC_WARN_UNUSED_VARIABLE = YES;
				IPHONEOS_DEPLOYMENT_TARGET = 9.3;
				MTL_ENABLE_DEBUG_INFO = NO;
				SDKROOT = iphoneos;
				TARGETED_DEVICE_FAMILY = "1,2";
				VALIDATE_PRODUCT = YES;
			};
			name = Release;
		};
		FE7177A91CF432EA003ED39A /* Debug */ = {
			isa = XCBuildConfiguration;
			buildSettings = {
				ASSETCATALOG_COMPILER_APPICON_NAME = AppIcon;
				INFOPLIST_FILE = TieDie/Info.plist;
				LD_RUNPATH_SEARCH_PATHS = "$(inherited) @executable_path/Frameworks";
				PRODUCT_BUNDLE_IDENTIFIER = com.orangemangotiger.TieDie;
				PRODUCT_NAME = "$(TARGET_NAME)";
			};
			name = Debug;
		};
		FE7177AA1CF432EA003ED39A /* Release */ = {
			isa = XCBuildConfiguration;
			buildSettings = {
				ASSETCATALOG_COMPILER_APPICON_NAME = AppIcon;
				INFOPLIST_FILE = TieDie/Info.plist;
				LD_RUNPATH_SEARCH_PATHS = "$(inherited) @executable_path/Frameworks";
				PRODUCT_BUNDLE_IDENTIFIER = com.orangemangotiger.TieDie;
				PRODUCT_NAME = "$(TARGET_NAME)";
			};
			name = Release;
		};
		FE7177AC1CF432EA003ED39A /* Debug */ = {
			isa = XCBuildConfiguration;
			buildSettings = {
				BUNDLE_LOADER = "$(TEST_HOST)";
				INFOPLIST_FILE = TieDieTests/Info.plist;
				LD_RUNPATH_SEARCH_PATHS = "$(inherited) @executable_path/Frameworks @loader_path/Frameworks";
				PRODUCT_BUNDLE_IDENTIFIER = com.orangemangotiger.TieDieTests;
				PRODUCT_NAME = "$(TARGET_NAME)";
				TEST_HOST = "$(BUILT_PRODUCTS_DIR)/TieDie.app/TieDie";
			};
			name = Debug;
		};
		FE7177AD1CF432EA003ED39A /* Release */ = {
			isa = XCBuildConfiguration;
			buildSettings = {
				BUNDLE_LOADER = "$(TEST_HOST)";
				INFOPLIST_FILE = TieDieTests/Info.plist;
				LD_RUNPATH_SEARCH_PATHS = "$(inherited) @executable_path/Frameworks @loader_path/Frameworks";
				PRODUCT_BUNDLE_IDENTIFIER = com.orangemangotiger.TieDieTests;
				PRODUCT_NAME = "$(TARGET_NAME)";
				TEST_HOST = "$(BUILT_PRODUCTS_DIR)/TieDie.app/TieDie";
			};
			name = Release;
		};
		FE7177AF1CF432EA003ED39A /* Debug */ = {
			isa = XCBuildConfiguration;
			buildSettings = {
				"CODE_SIGN_ENTITLEMENTS[sdk=*]" = "";
				INFOPLIST_FILE = TieDieUITests/Info.plist;
				LD_RUNPATH_SEARCH_PATHS = "$(inherited) @executable_path/Frameworks @loader_path/Frameworks";
				PRODUCT_BUNDLE_IDENTIFIER = com.orangemangotiger.TieDieUITests;
				PRODUCT_NAME = "$(TARGET_NAME)";
				TEST_TARGET_NAME = TieDie;
			};
			name = Debug;
		};
		FE7177B01CF432EA003ED39A /* Release */ = {
			isa = XCBuildConfiguration;
			buildSettings = {
				INFOPLIST_FILE = TieDieUITests/Info.plist;
				LD_RUNPATH_SEARCH_PATHS = "$(inherited) @executable_path/Frameworks @loader_path/Frameworks";
				PRODUCT_BUNDLE_IDENTIFIER = com.orangemangotiger.TieDieUITests;
				PRODUCT_NAME = "$(TARGET_NAME)";
				TEST_TARGET_NAME = TieDie;
			};
			name = Release;
		};
/* End XCBuildConfiguration section */

/* Begin XCConfigurationList section */
		FE7177761CF432EA003ED39A /* Build configuration list for PBXProject "TieDie" */ = {
			isa = XCConfigurationList;
			buildConfigurations = (
				FE7177A61CF432EA003ED39A /* Debug */,
				FE7177A71CF432EA003ED39A /* Release */,
			);
			defaultConfigurationIsVisible = 0;
			defaultConfigurationName = Release;
		};
		FE7177A81CF432EA003ED39A /* Build configuration list for PBXNativeTarget "TieDie" */ = {
			isa = XCConfigurationList;
			buildConfigurations = (
				FE7177A91CF432EA003ED39A /* Debug */,
				FE7177AA1CF432EA003ED39A /* Release */,
			);
			defaultConfigurationIsVisible = 0;
			defaultConfigurationName = Release;
		};
		FE7177AB1CF432EA003ED39A /* Build configuration list for PBXNativeTarget "TieDieTests" */ = {
			isa = XCConfigurationList;
			buildConfigurations = (
				FE7177AC1CF432EA003ED39A /* Debug */,
				FE7177AD1CF432EA003ED39A /* Release */,
			);
			defaultConfigurationIsVisible = 0;
			defaultConfigurationName = Release;
		};
		FE7177AE1CF432EA003ED39A /* Build configuration list for PBXNativeTarget "TieDieUITests" */ = {
			isa = XCConfigurationList;
			buildConfigurations = (
				FE7177AF1CF432EA003ED39A /* Debug */,
				FE7177B01CF432EA003ED39A /* Release */,
			);
			defaultConfigurationIsVisible = 0;
			defaultConfigurationName = Release;
		};
/* End XCConfigurationList section */
	};
	rootObject = FE7177731CF432EA003ED39A /* Project object */;
}
